{
  "version": 4,
  "terraform_version": "1.0.8",
  "serial": 232,
  "lineage": "e5e1f69b-591d-6851-04a8-c994f0a4460d",
  "outputs": {
    "ip_address_gitlab_server": {
      "value": "192.168.18.43",
      "type": "string"
    },
    "ip_address_linux_server": {
      "value": "192.168.18.41",
      "type": "string"
    },
    "ip_address_nextcloud_server": {
      "value": "192.168.18.44",
      "type": "string"
    },
    "ip_address_plex_server": {
      "value": "192.168.18.38",
      "type": "string"
    },
    "ip_address_samba_server": {
      "value": "192.168.18.40",
      "type": "string"
    },
    "ip_address_wireguard_server": {
      "value": "192.168.18.39",
      "type": "string"
    },
    "ip_address_zabbix_server": {
      "value": "192.168.18.42",
      "type": "string"
    },
    "mac_address_gitlab_server": {
      "value": "FE:1C:0D:9D:26:68",
      "type": "string"
    },
    "mac_address_linux_server": {
      "value": "FE:1C:0D:9D:26:66",
      "type": "string"
    },
    "mac_address_nextcloud_server": {
      "value": "FE:1C:0D:9D:26:69",
      "type": "string"
    },
    "mac_address_plex_server": {
      "value": "a2:b4:17:8e:39:a4",
      "type": "string"
    },
    "mac_address_samba_server": {
      "value": "FE:1C:0D:9D:26:65",
      "type": "string"
    },
    "mac_address_wireguard_server": {
      "value": "22:EA:D5:7F:00:23",
      "type": "string"
    },
    "mac_address_zabbix_server": {
      "value": "FE:1C:0D:9D:26:67",
      "type": "string"
    }
  },
  "resources": [
    {
      "mode": "managed",
      "type": "proxmox_vm_qemu",
      "name": "gitlab-server",
      "provider": "provider[\"registry.terraform.io/telmate/proxmox\"]",
      "instances": [
        {
          "index_key": 0,
          "schema_version": 0,
          "attributes": {
            "additional_wait": 5,
            "agent": 1,
            "args": "",
            "automatic_reboot": true,
            "balloon": 0,
            "bios": "seabios",
            "boot": "c",
            "bootdisk": "",
            "bridge": null,
            "ci_wait": null,
            "cicustom": "",
            "cipassword": "",
            "ciuser": "anton",
            "clone": "ubuntu-server-focal-30G",
            "clone_wait": 10,
            "cloudinit_cdrom_storage": null,
            "cores": 2,
            "cpu": "host",
            "default_ipv4_address": "192.168.18.43",
            "define_connection_info": true,
            "desc": "Ubuntu Server Focal Image",
            "disk": [],
            "disk_gb": null,
            "force_create": false,
            "force_recreate_on_change_of": null,
            "full_clone": true,
            "guest_agent_ready_timeout": 100,
            "hagroup": "",
            "hastate": "",
            "hostpci": [],
            "hotplug": "network,disk,usb",
            "id": "torre-linux/qemu/107",
            "ipconfig0": "ip=192.168.18.43/24,gw=192.168.18.1",
            "ipconfig1": "",
            "ipconfig10": "",
            "ipconfig11": "",
            "ipconfig12": "",
            "ipconfig13": "",
            "ipconfig14": "",
            "ipconfig15": "",
            "ipconfig2": "",
            "ipconfig3": "",
            "ipconfig4": "",
            "ipconfig5": "",
            "ipconfig6": "",
            "ipconfig7": "",
            "ipconfig8": "",
            "ipconfig9": "",
            "iso": null,
            "kvm": true,
            "mac": null,
            "machine": "",
            "memory": 4096,
            "name": "gitlab-server",
            "nameserver": "",
            "network": [
              {
                "bridge": "vmbr0",
                "firewall": false,
                "link_down": false,
                "macaddr": "FE:1C:0D:9D:26:68",
                "model": "virtio",
                "mtu": 0,
                "queues": 0,
                "rate": 0,
                "tag": -1
              }
            ],
            "nic": null,
            "numa": false,
            "onboot": true,
            "oncreate": true,
            "os_network_config": null,
            "os_type": "cloud-init",
            "pool": "",
            "preprovision": true,
            "pxe": null,
            "qemu_os": "other",
            "reboot_required": false,
            "scsihw": "virtio-scsi-pci",
            "searchdomain": "",
            "serial": [],
            "sockets": 1,
            "ssh_forward_ip": null,
            "ssh_host": "192.168.18.43",
            "ssh_port": "22",
            "ssh_private_key": null,
            "ssh_user": null,
            "sshkeys": "  ssh-rsa AAAAB3NzaC1yc2EAAAADAQABAAABgQDUROBj7W+Sr0PswetL6uPc6l/BVcJnprAktesDetJK16TxPp0jqoxKsKAJT+6jkcF5krcvB9xGkzsYpBEB0ZhBM2hrXfLHk8GPQwLX/5xMB7k77maaMr1eAQj+bxCkvFCxynx7PecAm0x0gt2mm0hoywpNLCXoSzaqc9SGR0WSdXOz/5QVZmWQhRBoENop+x9XSYzlV/BTlEwMbhxbNE7sLD0lUWKci8rkg6Nstr6q+pp0UXxjn0j2H+5o8EZPVb3KeyuAbQOAZ4YZhOcpdC7U+ysV6l/wCI9IwAHbKwRUt62h+AyzlLfH/phlzSw1wWxPRfTa6xP+NAYIyT1G7GBd9e5qblRDUHwJQAYV7Mr997Pm3+5f4+o2N5BwwGQGAE72rkTyn75ALgBit4L6UQlkD/tNxM4YDQQ4bJ8cEURdOLumyUXelDnisC4qmHMMzUEjqvwMbqTJ6616oY5O9oO/amwOYK08O5KlO/ovMQpG07jg0gJgv+u4gV82jcUTAe8= anton@portatil-antonio\r\n\n\n",
            "startup": "",
            "storage": null,
            "storage_type": null,
            "tablet": true,
            "tags": "",
            "target_node": "torre-linux",
            "timeouts": null,
            "unused_disk": [],
            "usb": [],
            "vcpus": 0,
            "vga": [],
            "vlan": -1,
            "vmid": 107
          },
          "sensitive_attributes": [],
          "private": "eyJlMmJmYjczMC1lY2FhLTExZTYtOGY4OC0zNDM2M2JjN2M0YzAiOnsiY3JlYXRlIjoxMjAwMDAwMDAwMDAwLCJkZWZhdWx0IjoxMjAwMDAwMDAwMDAwLCJkZWxldGUiOjEyMDAwMDAwMDAwMDAsInJlYWQiOjEyMDAwMDAwMDAwMDAsInVwZGF0ZSI6MTIwMDAwMDAwMDAwMH19"
        }
      ]
    },
    {
      "mode": "managed",
      "type": "proxmox_vm_qemu",
      "name": "linux-ws-server",
      "provider": "provider[\"registry.terraform.io/telmate/proxmox\"]",
      "instances": [
        {
          "index_key": 0,
          "schema_version": 0,
          "attributes": {
            "additional_wait": 5,
            "agent": 1,
            "args": "",
            "automatic_reboot": true,
            "balloon": 0,
            "bios": "seabios",
            "boot": "c",
            "bootdisk": "",
            "bridge": null,
            "ci_wait": null,
            "cicustom": "",
            "cipassword": "",
            "ciuser": "anton",
            "clone": "ubuntu-server-focal-test-1",
            "clone_wait": 10,
            "cloudinit_cdrom_storage": null,
            "cores": 2,
            "cpu": "host",
            "default_ipv4_address": "192.168.18.41",
            "define_connection_info": true,
            "desc": "Ubuntu Server Focal Image",
            "disk": [
              {
                "aio": "",
                "backup": true,
                "cache": "none",
                "discard": "",
                "file": "104/vm-104-disk-0.qcow2",
                "format": "qcow2",
                "iops": 0,
                "iops_max": 0,
                "iops_max_length": 0,
                "iops_rd": 0,
                "iops_rd_max": 0,
                "iops_rd_max_length": 0,
                "iops_wr": 0,
                "iops_wr_max": 0,
                "iops_wr_max_length": 0,
                "iothread": 0,
                "mbps": 0,
                "mbps_rd": 0,
                "mbps_rd_max": 0,
                "mbps_wr": 0,
                "mbps_wr_max": 0,
                "media": "",
                "replicate": 0,
                "size": "30G",
                "slot": 0,
                "ssd": 0,
                "storage": "local",
                "storage_type": "dir",
                "type": "virtio",
                "volume": "local:104/vm-104-disk-0.qcow2"
              }
            ],
            "disk_gb": null,
            "force_create": false,
            "force_recreate_on_change_of": null,
            "full_clone": true,
            "guest_agent_ready_timeout": 100,
            "hagroup": "",
            "hastate": "",
            "hostpci": [],
            "hotplug": "network,disk,usb",
            "id": "torre-linux/qemu/104",
            "ipconfig0": "ip=192.168.18.41/24,gw=192.168.18.1",
            "ipconfig1": "",
            "ipconfig10": "",
            "ipconfig11": "",
            "ipconfig12": "",
            "ipconfig13": "",
            "ipconfig14": "",
            "ipconfig15": "",
            "ipconfig2": "",
            "ipconfig3": "",
            "ipconfig4": "",
            "ipconfig5": "",
            "ipconfig6": "",
            "ipconfig7": "",
            "ipconfig8": "",
            "ipconfig9": "",
            "iso": null,
            "kvm": true,
            "mac": null,
            "machine": "",
            "memory": 2048,
            "name": "linux-ws-server",
            "nameserver": "",
            "network": [
              {
                "bridge": "vmbr0",
                "firewall": false,
                "link_down": false,
                "macaddr": "FE:1C:0D:9D:26:66",
                "model": "virtio",
                "mtu": 0,
                "queues": 0,
                "rate": 0,
                "tag": -1
              }
            ],
            "nic": null,
            "numa": false,
            "onboot": true,
            "oncreate": true,
            "os_network_config": null,
            "os_type": "cloud-init",
            "pool": "",
            "preprovision": true,
            "pxe": null,
            "qemu_os": "other",
            "reboot_required": false,
            "scsihw": "virtio-scsi-pci",
            "searchdomain": "",
            "serial": [],
            "sockets": 1,
            "ssh_forward_ip": null,
            "ssh_host": "192.168.18.41",
            "ssh_port": "22",
            "ssh_private_key": null,
            "ssh_user": null,
            "sshkeys": "  ssh-rsa AAAAB3NzaC1yc2EAAAADAQABAAABgQDUROBj7W+Sr0PswetL6uPc6l/BVcJnprAktesDetJK16TxPp0jqoxKsKAJT+6jkcF5krcvB9xGkzsYpBEB0ZhBM2hrXfLHk8GPQwLX/5xMB7k77maaMr1eAQj+bxCkvFCxynx7PecAm0x0gt2mm0hoywpNLCXoSzaqc9SGR0WSdXOz/5QVZmWQhRBoENop+x9XSYzlV/BTlEwMbhxbNE7sLD0lUWKci8rkg6Nstr6q+pp0UXxjn0j2H+5o8EZPVb3KeyuAbQOAZ4YZhOcpdC7U+ysV6l/wCI9IwAHbKwRUt62h+AyzlLfH/phlzSw1wWxPRfTa6xP+NAYIyT1G7GBd9e5qblRDUHwJQAYV7Mr997Pm3+5f4+o2N5BwwGQGAE72rkTyn75ALgBit4L6UQlkD/tNxM4YDQQ4bJ8cEURdOLumyUXelDnisC4qmHMMzUEjqvwMbqTJ6616oY5O9oO/amwOYK08O5KlO/ovMQpG07jg0gJgv+u4gV82jcUTAe8= anton@portatil-antonio\r\n\n\n\n\n\n\n",
            "startup": "",
            "storage": null,
            "storage_type": null,
            "tablet": true,
            "tags": "",
            "target_node": "torre-linux",
            "timeouts": null,
            "unused_disk": [],
            "usb": [],
            "vcpus": 0,
            "vga": [],
            "vlan": -1,
            "vmid": 104
          },
          "sensitive_attributes": [],
          "private": "eyJlMmJmYjczMC1lY2FhLTExZTYtOGY4OC0zNDM2M2JjN2M0YzAiOnsiY3JlYXRlIjoxMjAwMDAwMDAwMDAwLCJkZWZhdWx0IjoxMjAwMDAwMDAwMDAwLCJkZWxldGUiOjEyMDAwMDAwMDAwMDAsInJlYWQiOjEyMDAwMDAwMDAwMDAsInVwZGF0ZSI6MTIwMDAwMDAwMDAwMH19"
        }
      ]
    },
    {
      "mode": "managed",
      "type": "proxmox_vm_qemu",
      "name": "nextcloud-server",
      "provider": "provider[\"registry.terraform.io/telmate/proxmox\"]",
      "instances": [
        {
          "index_key": 0,
          "schema_version": 0,
          "attributes": {
            "additional_wait": 5,
            "agent": 1,
            "args": "",
            "automatic_reboot": true,
            "balloon": 0,
            "bios": "seabios",
            "boot": "c",
            "bootdisk": "scsi0",
            "bridge": null,
            "ci_wait": null,
            "cicustom": "",
            "cipassword": "",
            "ciuser": "anton",
            "clone": "ubuntu-server-focal-30G",
            "clone_wait": 10,
            "cloudinit_cdrom_storage": null,
            "cores": 2,
            "cpu": "host",
            "default_ipv4_address": "192.168.18.44",
            "define_connection_info": true,
            "desc": "Ubuntu Server Focal Image",
            "disk": [
              {
                "aio": "",
                "backup": true,
                "cache": "none",
                "discard": "",
                "file": "108/vm-108-disk-0.qcow2",
                "format": "qcow2",
                "iops": 0,
                "iops_max": 0,
                "iops_max_length": 0,
                "iops_rd": 0,
                "iops_rd_max": 0,
                "iops_rd_max_length": 0,
                "iops_wr": 0,
                "iops_wr_max": 0,
                "iops_wr_max_length": 0,
                "iothread": 0,
                "mbps": 0,
                "mbps_rd": 0,
                "mbps_rd_max": 0,
                "mbps_wr": 0,
                "mbps_wr_max": 0,
                "media": "",
                "replicate": 0,
                "size": "30G",
                "slot": 0,
                "ssd": 0,
                "storage": "local",
                "storage_type": "dir",
                "type": "virtio",
                "volume": "local:108/vm-108-disk-0.qcow2"
              }
            ],
            "disk_gb": null,
            "force_create": false,
            "force_recreate_on_change_of": null,
            "full_clone": true,
            "guest_agent_ready_timeout": 100,
            "hagroup": "",
            "hastate": "",
            "hostpci": [],
            "hotplug": "network,disk,usb",
            "id": "torre-linux/qemu/108",
            "ipconfig0": "ip=192.168.18.44/24,gw=192.168.18.1",
            "ipconfig1": "",
            "ipconfig10": "",
            "ipconfig11": "",
            "ipconfig12": "",
            "ipconfig13": "",
            "ipconfig14": "",
            "ipconfig15": "",
            "ipconfig2": "",
            "ipconfig3": "",
            "ipconfig4": "",
            "ipconfig5": "",
            "ipconfig6": "",
            "ipconfig7": "",
            "ipconfig8": "",
            "ipconfig9": "",
            "iso": null,
            "kvm": true,
            "mac": null,
            "machine": "",
            "memory": 2048,
            "name": "nextcloud-server",
            "nameserver": "",
            "network": [
              {
                "bridge": "vmbr0",
                "firewall": false,
                "link_down": false,
                "macaddr": "FE:1C:0D:9D:26:69",
                "model": "virtio",
                "mtu": 0,
                "queues": 0,
                "rate": 0,
                "tag": -1
              }
            ],
            "nic": null,
            "numa": false,
            "onboot": true,
            "oncreate": true,
            "os_network_config": null,
            "os_type": "cloud-init",
            "pool": "",
            "preprovision": true,
            "pxe": null,
            "qemu_os": "other",
            "reboot_required": false,
            "scsihw": "virtio-scsi-pci",
            "searchdomain": "",
            "serial": [],
            "sockets": 1,
            "ssh_forward_ip": null,
            "ssh_host": "192.168.18.44",
            "ssh_port": "22",
            "ssh_private_key": null,
            "ssh_user": null,
            "sshkeys": "  ssh-rsa AAAAB3NzaC1yc2EAAAADAQABAAABgQDUROBj7W+Sr0PswetL6uPc6l/BVcJnprAktesDetJK16TxPp0jqoxKsKAJT+6jkcF5krcvB9xGkzsYpBEB0ZhBM2hrXfLHk8GPQwLX/5xMB7k77maaMr1eAQj+bxCkvFCxynx7PecAm0x0gt2mm0hoywpNLCXoSzaqc9SGR0WSdXOz/5QVZmWQhRBoENop+x9XSYzlV/BTlEwMbhxbNE7sLD0lUWKci8rkg6Nstr6q+pp0UXxjn0j2H+5o8EZPVb3KeyuAbQOAZ4YZhOcpdC7U+ysV6l/wCI9IwAHbKwRUt62h+AyzlLfH/phlzSw1wWxPRfTa6xP+NAYIyT1G7GBd9e5qblRDUHwJQAYV7Mr997Pm3+5f4+o2N5BwwGQGAE72rkTyn75ALgBit4L6UQlkD/tNxM4YDQQ4bJ8cEURdOLumyUXelDnisC4qmHMMzUEjqvwMbqTJ6616oY5O9oO/amwOYK08O5KlO/ovMQpG07jg0gJgv+u4gV82jcUTAe8= anton@portatil-antonio\r\n\n\n",
            "startup": "",
            "storage": null,
            "storage_type": null,
            "tablet": true,
            "tags": "",
            "target_node": "torre-linux",
            "timeouts": null,
            "unused_disk": [],
            "usb": [],
            "vcpus": 0,
            "vga": [],
            "vlan": -1,
            "vmid": 108
          },
          "sensitive_attributes": [],
          "private": "eyJlMmJmYjczMC1lY2FhLTExZTYtOGY4OC0zNDM2M2JjN2M0YzAiOnsiY3JlYXRlIjoxMjAwMDAwMDAwMDAwLCJkZWZhdWx0IjoxMjAwMDAwMDAwMDAwLCJkZWxldGUiOjEyMDAwMDAwMDAwMDAsInJlYWQiOjEyMDAwMDAwMDAwMDAsInVwZGF0ZSI6MTIwMDAwMDAwMDAwMH19"
        }
      ]
    },
    {
      "mode": "managed",
      "type": "proxmox_vm_qemu",
      "name": "plex-server",
      "provider": "provider[\"registry.terraform.io/telmate/proxmox\"]",
      "instances": [
        {
          "index_key": 0,
          "schema_version": 0,
          "attributes": {
            "additional_wait": 5,
            "agent": 1,
            "args": "",
            "automatic_reboot": true,
            "balloon": 0,
            "bios": "seabios",
            "boot": "c",
            "bootdisk": "virtio0",
            "bridge": null,
            "ci_wait": null,
            "cicustom": "",
            "cipassword": "",
            "ciuser": "anton",
            "clone": "ubuntu-server-focal-test-1",
            "clone_wait": 10,
            "cloudinit_cdrom_storage": null,
            "cores": 2,
            "cpu": "host",
            "default_ipv4_address": "192.168.18.38",
            "define_connection_info": true,
            "desc": "Ubuntu Server Focal Image",
            "disk": [],
            "disk_gb": null,
            "force_create": false,
            "force_recreate_on_change_of": null,
            "full_clone": true,
            "guest_agent_ready_timeout": 100,
            "hagroup": "",
            "hastate": "",
            "hostpci": [],
            "hotplug": "network,disk,usb",
            "id": "torre-linux/qemu/101",
            "ipconfig0": "ip=192.168.18.38/24,gw=192.168.18.1",
            "ipconfig1": "",
            "ipconfig10": "",
            "ipconfig11": "",
            "ipconfig12": "",
            "ipconfig13": "",
            "ipconfig14": "",
            "ipconfig15": "",
            "ipconfig2": "",
            "ipconfig3": "",
            "ipconfig4": "",
            "ipconfig5": "",
            "ipconfig6": "",
            "ipconfig7": "",
            "ipconfig8": "",
            "ipconfig9": "",
            "iso": null,
            "kvm": true,
            "mac": null,
            "machine": "",
            "memory": 8192,
            "name": "plex-server",
            "nameserver": "",
            "network": [
              {
                "bridge": "vmbr0",
                "firewall": false,
                "link_down": false,
                "macaddr": "a2:b4:17:8e:39:a4",
                "model": "virtio",
                "mtu": 0,
                "queues": 0,
                "rate": 0,
                "tag": -1
              }
            ],
            "nic": null,
            "numa": false,
            "onboot": true,
            "oncreate": true,
            "os_network_config": null,
            "os_type": "cloud-init",
            "pool": "",
            "preprovision": true,
            "pxe": null,
            "qemu_os": "other",
            "reboot_required": false,
            "scsihw": "virtio-scsi-pci",
            "searchdomain": "",
            "serial": [],
            "sockets": 1,
            "ssh_forward_ip": null,
            "ssh_host": "192.168.18.38",
            "ssh_port": "22",
            "ssh_private_key": null,
            "ssh_user": null,
            "sshkeys": "  ssh-rsa AAAAB3NzaC1yc2EAAAADAQABAAABgQDUROBj7W+Sr0PswetL6uPc6l/BVcJnprAktesDetJK16TxPp0jqoxKsKAJT+6jkcF5krcvB9xGkzsYpBEB0ZhBM2hrXfLHk8GPQwLX/5xMB7k77maaMr1eAQj+bxCkvFCxynx7PecAm0x0gt2mm0hoywpNLCXoSzaqc9SGR0WSdXOz/5QVZmWQhRBoENop+x9XSYzlV/BTlEwMbhxbNE7sLD0lUWKci8rkg6Nstr6q+pp0UXxjn0j2H+5o8EZPVb3KeyuAbQOAZ4YZhOcpdC7U+ysV6l/wCI9IwAHbKwRUt62h+AyzlLfH/phlzSw1wWxPRfTa6xP+NAYIyT1G7GBd9e5qblRDUHwJQAYV7Mr997Pm3+5f4+o2N5BwwGQGAE72rkTyn75ALgBit4L6UQlkD/tNxM4YDQQ4bJ8cEURdOLumyUXelDnisC4qmHMMzUEjqvwMbqTJ6616oY5O9oO/amwOYK08O5KlO/ovMQpG07jg0gJgv+u4gV82jcUTAe8= anton@portatil-antonio\r\n\n\n\n\n\n\n\n\n\n\n\n\n\n\n\n\n\n\n\n\n\n\n\n\n\n\n\n",
            "startup": "",
            "storage": null,
            "storage_type": null,
            "tablet": true,
            "tags": "",
            "target_node": "torre-linux",
            "timeouts": null,
            "unused_disk": [],
            "usb": [],
            "vcpus": 0,
            "vga": [],
            "vlan": -1,
            "vmid": 101
          },
          "sensitive_attributes": [],
          "private": "eyJlMmJmYjczMC1lY2FhLTExZTYtOGY4OC0zNDM2M2JjN2M0YzAiOnsiY3JlYXRlIjoxMjAwMDAwMDAwMDAwLCJkZWZhdWx0IjoxMjAwMDAwMDAwMDAwLCJkZWxldGUiOjEyMDAwMDAwMDAwMDAsInJlYWQiOjEyMDAwMDAwMDAwMDAsInVwZGF0ZSI6MTIwMDAwMDAwMDAwMH19"
        }
      ]
    },
    {
      "mode": "managed",
      "type": "proxmox_vm_qemu",
      "name": "samba-server",
      "provider": "provider[\"registry.terraform.io/telmate/proxmox\"]",
      "instances": [
        {
          "index_key": 0,
          "schema_version": 0,
          "attributes": {
            "additional_wait": 5,
            "agent": 1,
            "args": "",
            "automatic_reboot": true,
            "balloon": 0,
            "bios": "seabios",
            "boot": "c",
            "bootdisk": "",
            "bridge": null,
            "ci_wait": null,
            "cicustom": "",
            "cipassword": "",
            "ciuser": "anton",
            "clone": "ubuntu-server-focal-test-1",
            "clone_wait": 10,
            "cloudinit_cdrom_storage": null,
            "cores": 1,
            "cpu": "host",
            "default_ipv4_address": "192.168.18.40",
            "define_connection_info": true,
            "desc": "",
            "disk": [],
            "disk_gb": null,
            "force_create": false,
            "force_recreate_on_change_of": null,
            "full_clone": true,
            "guest_agent_ready_timeout": 100,
            "hagroup": "",
            "hastate": "",
            "hostpci": [],
            "hotplug": "network,disk,usb",
            "id": "torre-linux/qemu/100",
            "ipconfig0": "ip=192.168.18.40/24,gw=192.168.18.1",
            "ipconfig1": "",
            "ipconfig10": "",
            "ipconfig11": "",
            "ipconfig12": "",
            "ipconfig13": "",
            "ipconfig14": "",
            "ipconfig15": "",
            "ipconfig2": "",
            "ipconfig3": "",
            "ipconfig4": "",
            "ipconfig5": "",
            "ipconfig6": "",
            "ipconfig7": "",
            "ipconfig8": "",
            "ipconfig9": "",
            "iso": null,
            "kvm": true,
            "mac": null,
            "machine": "",
            "memory": 1024,
            "name": "samba-server",
            "nameserver": "",
            "network": [
              {
                "bridge": "vmbr0",
                "firewall": false,
                "link_down": false,
                "macaddr": "FE:1C:0D:9D:26:65",
                "model": "virtio",
                "mtu": 0,
                "queues": 0,
                "rate": 0,
                "tag": -1
              }
            ],
            "nic": null,
            "numa": false,
            "onboot": true,
            "oncreate": true,
            "os_network_config": null,
            "os_type": "cloud-init",
            "pool": "",
            "preprovision": true,
            "pxe": null,
            "qemu_os": "",
            "reboot_required": false,
            "scsihw": "virtio-scsi-pci",
            "searchdomain": "",
            "serial": [],
            "sockets": 1,
            "ssh_forward_ip": null,
            "ssh_host": "192.168.18.40",
            "ssh_port": "22",
            "ssh_private_key": null,
            "ssh_user": null,
            "sshkeys": "  ssh-rsa AAAAB3NzaC1yc2EAAAADAQABAAABgQDUROBj7W+Sr0PswetL6uPc6l/BVcJnprAktesDetJK16TxPp0jqoxKsKAJT+6jkcF5krcvB9xGkzsYpBEB0ZhBM2hrXfLHk8GPQwLX/5xMB7k77maaMr1eAQj+bxCkvFCxynx7PecAm0x0gt2mm0hoywpNLCXoSzaqc9SGR0WSdXOz/5QVZmWQhRBoENop+x9XSYzlV/BTlEwMbhxbNE7sLD0lUWKci8rkg6Nstr6q+pp0UXxjn0j2H+5o8EZPVb3KeyuAbQOAZ4YZhOcpdC7U+ysV6l/wCI9IwAHbKwRUt62h+AyzlLfH/phlzSw1wWxPRfTa6xP+NAYIyT1G7GBd9e5qblRDUHwJQAYV7Mr997Pm3+5f4+o2N5BwwGQGAE72rkTyn75ALgBit4L6UQlkD/tNxM4YDQQ4bJ8cEURdOLumyUXelDnisC4qmHMMzUEjqvwMbqTJ6616oY5O9oO/amwOYK08O5KlO/ovMQpG07jg0gJgv+u4gV82jcUTAe8= anton@portatil-antonio\r\n\n\n\n\n\n\n\n\n\n\n\n\n\n\n\n\n\n\n\n\n\n\n",
            "startup": "",
            "storage": null,
            "storage_type": null,
            "tablet": true,
            "tags": "",
            "target_node": "torre-linux",
            "timeouts": null,
            "unused_disk": [],
            "usb": [],
            "vcpus": 0,
            "vga": [],
            "vlan": -1,
            "vmid": 100
          },
          "sensitive_attributes": [],
          "private": "eyJlMmJmYjczMC1lY2FhLTExZTYtOGY4OC0zNDM2M2JjN2M0YzAiOnsiY3JlYXRlIjoxMjAwMDAwMDAwMDAwLCJkZWZhdWx0IjoxMjAwMDAwMDAwMDAwLCJkZWxldGUiOjEyMDAwMDAwMDAwMDAsInJlYWQiOjEyMDAwMDAwMDAwMDAsInVwZGF0ZSI6MTIwMDAwMDAwMDAwMH19"
        }
      ]
    },
    {
      "mode": "managed",
      "type": "proxmox_vm_qemu",
      "name": "wireguard-server",
      "provider": "provider[\"registry.terraform.io/telmate/proxmox\"]",
      "instances": [
        {
          "index_key": 0,
          "schema_version": 0,
          "attributes": {
            "additional_wait": 5,
            "agent": 1,
            "args": "",
            "automatic_reboot": true,
            "balloon": 0,
            "bios": "seabios",
            "boot": "c",
            "bootdisk": "virtio0",
            "bridge": null,
            "ci_wait": null,
            "cicustom": "",
            "cipassword": "",
            "ciuser": "anton",
            "clone": "ubuntu-server-focal-test-1",
            "clone_wait": 10,
            "cloudinit_cdrom_storage": null,
            "cores": 1,
            "cpu": "host",
            "default_ipv4_address": "192.168.18.39",
            "define_connection_info": true,
            "desc": "Ubuntu Server Focal Image",
            "disk": [],
            "disk_gb": null,
            "force_create": false,
            "force_recreate_on_change_of": null,
            "full_clone": true,
            "guest_agent_ready_timeout": 100,
            "hagroup": "",
            "hastate": "",
            "hostpci": [],
            "hotplug": "network,disk,usb",
            "id": "torre-linux/qemu/102",
            "ipconfig0": "ip=192.168.18.39/24,gw=192.168.18.1",
            "ipconfig1": "",
            "ipconfig10": "",
            "ipconfig11": "",
            "ipconfig12": "",
            "ipconfig13": "",
            "ipconfig14": "",
            "ipconfig15": "",
            "ipconfig2": "",
            "ipconfig3": "",
            "ipconfig4": "",
            "ipconfig5": "",
            "ipconfig6": "",
            "ipconfig7": "",
            "ipconfig8": "",
            "ipconfig9": "",
            "iso": null,
            "kvm": true,
            "mac": null,
            "machine": "",
            "memory": 2048,
            "name": "wireguard-server",
            "nameserver": "",
            "network": [
              {
                "bridge": "vmbr0",
                "firewall": false,
                "link_down": false,
                "macaddr": "22:EA:D5:7F:00:23",
                "model": "virtio",
                "mtu": 0,
                "queues": 0,
                "rate": 0,
                "tag": -1
              }
            ],
            "nic": null,
            "numa": false,
            "onboot": true,
            "oncreate": true,
            "os_network_config": null,
            "os_type": "cloud-init",
            "pool": "",
            "preprovision": true,
            "pxe": null,
            "qemu_os": "other",
            "reboot_required": false,
            "scsihw": "virtio-scsi-pci",
            "searchdomain": "",
            "serial": [],
            "sockets": 1,
            "ssh_forward_ip": null,
            "ssh_host": "192.168.18.39",
            "ssh_port": "22",
            "ssh_private_key": null,
            "ssh_user": null,
            "sshkeys": "  ssh-rsa AAAAB3NzaC1yc2EAAAADAQABAAABgQDUROBj7W+Sr0PswetL6uPc6l/BVcJnprAktesDetJK16TxPp0jqoxKsKAJT+6jkcF5krcvB9xGkzsYpBEB0ZhBM2hrXfLHk8GPQwLX/5xMB7k77maaMr1eAQj+bxCkvFCxynx7PecAm0x0gt2mm0hoywpNLCXoSzaqc9SGR0WSdXOz/5QVZmWQhRBoENop+x9XSYzlV/BTlEwMbhxbNE7sLD0lUWKci8rkg6Nstr6q+pp0UXxjn0j2H+5o8EZPVb3KeyuAbQOAZ4YZhOcpdC7U+ysV6l/wCI9IwAHbKwRUt62h+AyzlLfH/phlzSw1wWxPRfTa6xP+NAYIyT1G7GBd9e5qblRDUHwJQAYV7Mr997Pm3+5f4+o2N5BwwGQGAE72rkTyn75ALgBit4L6UQlkD/tNxM4YDQQ4bJ8cEURdOLumyUXelDnisC4qmHMMzUEjqvwMbqTJ6616oY5O9oO/amwOYK08O5KlO/ovMQpG07jg0gJgv+u4gV82jcUTAe8= anton@portatil-antonio\r\n\n\n\n\n\n\n\n\n\n\n\n\n\n\n\n\n\n\n\n\n\n\n\n\n\n\n\n\n\n\n\n",
            "startup": "",
            "storage": null,
            "storage_type": null,
            "tablet": true,
            "tags": "",
            "target_node": "torre-linux",
            "timeouts": null,
            "unused_disk": [
              {
                "file": "102/vm-102-disk-1.qcow2",
                "slot": 0,
                "storage": "local"
              }
            ],
            "usb": [],
            "vcpus": 0,
            "vga": [],
            "vlan": -1,
            "vmid": 102
          },
          "sensitive_attributes": [],
          "private": "eyJlMmJmYjczMC1lY2FhLTExZTYtOGY4OC0zNDM2M2JjN2M0YzAiOnsiY3JlYXRlIjoxMjAwMDAwMDAwMDAwLCJkZWZhdWx0IjoxMjAwMDAwMDAwMDAwLCJkZWxldGUiOjEyMDAwMDAwMDAwMDAsInJlYWQiOjEyMDAwMDAwMDAwMDAsInVwZGF0ZSI6MTIwMDAwMDAwMDAwMH19"
        }
      ]
    },
    {
      "mode": "managed",
      "type": "proxmox_vm_qemu",
      "name": "zabbix-server",
      "provider": "provider[\"registry.terraform.io/telmate/proxmox\"]",
      "instances": [
        {
          "index_key": 0,
          "schema_version": 0,
          "attributes": {
            "additional_wait": 5,
            "agent": 1,
            "args": "",
            "automatic_reboot": true,
            "balloon": 0,
            "bios": "seabios",
            "boot": "c",
            "bootdisk": "",
            "bridge": null,
            "ci_wait": null,
            "cicustom": "",
            "cipassword": "",
            "ciuser": "anton",
            "clone": "ubuntu-server-focal-30G",
            "clone_wait": 10,
            "cloudinit_cdrom_storage": null,
            "cores": 2,
            "cpu": "host",
            "default_ipv4_address": "192.168.18.42",
            "define_connection_info": true,
            "desc": "Ubuntu Server Focal Image",
            "disk": [],
            "disk_gb": null,
            "force_create": false,
            "force_recreate_on_change_of": null,
            "full_clone": true,
            "guest_agent_ready_timeout": 100,
            "hagroup": "",
            "hastate": "",
            "hostpci": [],
            "hotplug": "network,disk,usb",
            "id": "torre-linux/qemu/106",
            "ipconfig0": "ip=192.168.18.42/24,gw=192.168.18.1",
            "ipconfig1": "",
            "ipconfig10": "",
            "ipconfig11": "",
            "ipconfig12": "",
            "ipconfig13": "",
            "ipconfig14": "",
            "ipconfig15": "",
            "ipconfig2": "",
            "ipconfig3": "",
            "ipconfig4": "",
            "ipconfig5": "",
            "ipconfig6": "",
            "ipconfig7": "",
            "ipconfig8": "",
            "ipconfig9": "",
            "iso": null,
            "kvm": true,
            "mac": null,
            "machine": "",
            "memory": 2048,
            "name": "zabbix-server",
            "nameserver": "",
            "network": [
              {
                "bridge": "vmbr0",
                "firewall": false,
                "link_down": false,
                "macaddr": "FE:1C:0D:9D:26:67",
                "model": "virtio",
                "mtu": 0,
                "queues": 0,
                "rate": 0,
                "tag": -1
              }
            ],
            "nic": null,
            "numa": false,
            "onboot": true,
            "oncreate": true,
            "os_network_config": null,
            "os_type": "cloud-init",
            "pool": "",
            "preprovision": true,
            "pxe": null,
            "qemu_os": "other",
            "reboot_required": false,
            "scsihw": "virtio-scsi-pci",
            "searchdomain": "",
            "serial": [],
            "sockets": 1,
            "ssh_forward_ip": null,
            "ssh_host": "192.168.18.42",
            "ssh_port": "22",
            "ssh_private_key": null,
            "ssh_user": null,
            "sshkeys": "  ssh-rsa AAAAB3NzaC1yc2EAAAADAQABAAABgQDUROBj7W+Sr0PswetL6uPc6l/BVcJnprAktesDetJK16TxPp0jqoxKsKAJT+6jkcF5krcvB9xGkzsYpBEB0ZhBM2hrXfLHk8GPQwLX/5xMB7k77maaMr1eAQj+bxCkvFCxynx7PecAm0x0gt2mm0hoywpNLCXoSzaqc9SGR0WSdXOz/5QVZmWQhRBoENop+x9XSYzlV/BTlEwMbhxbNE7sLD0lUWKci8rkg6Nstr6q+pp0UXxjn0j2H+5o8EZPVb3KeyuAbQOAZ4YZhOcpdC7U+ysV6l/wCI9IwAHbKwRUt62h+AyzlLfH/phlzSw1wWxPRfTa6xP+NAYIyT1G7GBd9e5qblRDUHwJQAYV7Mr997Pm3+5f4+o2N5BwwGQGAE72rkTyn75ALgBit4L6UQlkD/tNxM4YDQQ4bJ8cEURdOLumyUXelDnisC4qmHMMzUEjqvwMbqTJ6616oY5O9oO/amwOYK08O5KlO/ovMQpG07jg0gJgv+u4gV82jcUTAe8= anton@portatil-antonio\r\n\n",
            "startup": "",
            "storage": null,
            "storage_type": null,
            "tablet": true,
            "tags": "",
            "target_node": "torre-linux",
            "timeouts": null,
            "unused_disk": [],
            "usb": [],
            "vcpus": 0,
            "vga": [],
            "vlan": -1,
            "vmid": 106
          },
          "sensitive_attributes": [],
          "private": "eyJlMmJmYjczMC1lY2FhLTExZTYtOGY4OC0zNDM2M2JjN2M0YzAiOnsiY3JlYXRlIjoxMjAwMDAwMDAwMDAwLCJkZWZhdWx0IjoxMjAwMDAwMDAwMDAwLCJkZWxldGUiOjEyMDAwMDAwMDAwMDAsInJlYWQiOjEyMDAwMDAwMDAwMDAsInVwZGF0ZSI6MTIwMDAwMDAwMDAwMH19"
        }
      ]
    },
    {
      "module": "module.k8s-m",
      "mode": "managed",
      "type": "proxmox_vm_qemu",
      "name": "server",
      "provider": "provider[\"registry.terraform.io/telmate/proxmox\"]",
      "instances": [
        {
          "index_key": 0,
          "status": "tainted",
          "schema_version": 0,
          "attributes": {
            "additional_wait": 5,
            "agent": 1,
            "args": null,
            "automatic_reboot": true,
            "balloon": 0,
            "bios": "seabios",
            "boot": null,
            "bootdisk": null,
            "bridge": null,
            "ci_wait": null,
            "cicustom": null,
            "cipassword": null,
            "ciuser": "anton",
            "clone": "RHEL9.1",
            "clone_wait": 10,
            "cloudinit_cdrom_storage": null,
            "cores": 1,
            "cpu": "host",
            "default_ipv4_address": null,
            "define_connection_info": true,
            "desc": null,
            "disk": [],
            "disk_gb": null,
            "force_create": false,
            "force_recreate_on_change_of": null,
            "full_clone": true,
            "guest_agent_ready_timeout": 100,
            "hagroup": null,
            "hastate": null,
            "hostpci": [],
            "hotplug": "network,disk,usb",
            "id": "torre-linux/qemu/200",
            "ipconfig0": "ip=192.168.18.45/24,gw=192.168.18.1",
            "ipconfig1": null,
            "ipconfig10": null,
            "ipconfig11": null,
            "ipconfig12": null,
            "ipconfig13": null,
            "ipconfig14": null,
            "ipconfig15": null,
            "ipconfig2": null,
            "ipconfig3": null,
            "ipconfig4": null,
            "ipconfig5": null,
            "ipconfig6": null,
            "ipconfig7": null,
            "ipconfig8": null,
            "ipconfig9": null,
            "iso": null,
            "kvm": true,
            "mac": null,
            "machine": null,
            "memory": 2048,
            "name": "K8s-m",
            "nameserver": null,
            "network": [
              {
                "bridge": "vmbr0",
                "firewall": false,
                "link_down": false,
                "macaddr": "FE:1C:0D:9D:26:70",
                "model": "virtio",
                "mtu": 0,
                "queues": 0,
                "rate": 0,
                "tag": -1
              }
            ],
            "nic": null,
            "numa": null,
            "onboot": true,
            "oncreate": true,
            "os_network_config": null,
            "os_type": "cloud-init",
            "pool": null,
            "preprovision": true,
            "pxe": null,
            "qemu_os": null,
            "reboot_required": null,
            "scsihw": "virtio-scsi-pci",
            "searchdomain": null,
            "serial": [],
            "sockets": 1,
            "ssh_forward_ip": null,
            "ssh_host": null,
            "ssh_port": null,
            "ssh_private_key": null,
            "ssh_user": null,
            "sshkeys": "  ssh-rsa AAAAB3NzaC1yc2EAAAADAQABAAABgQDUROBj7W+Sr0PswetL6uPc6l/BVcJnprAktesDetJK16TxPp0jqoxKsKAJT+6jkcF5krcvB9xGkzsYpBEB0ZhBM2hrXfLHk8GPQwLX/5xMB7k77maaMr1eAQj+bxCkvFCxynx7PecAm0x0gt2mm0hoywpNLCXoSzaqc9SGR0WSdXOz/5QVZmWQhRBoENop+x9XSYzlV/BTlEwMbhxbNE7sLD0lUWKci8rkg6Nstr6q+pp0UXxjn0j2H+5o8EZPVb3KeyuAbQOAZ4YZhOcpdC7U+ysV6l/wCI9IwAHbKwRUt62h+AyzlLfH/phlzSw1wWxPRfTa6xP+NAYIyT1G7GBd9e5qblRDUHwJQAYV7Mr997Pm3+5f4+o2N5BwwGQGAE72rkTyn75ALgBit4L6UQlkD/tNxM4YDQQ4bJ8cEURdOLumyUXelDnisC4qmHMMzUEjqvwMbqTJ6616oY5O9oO/amwOYK08O5KlO/ovMQpG07jg0gJgv+u4gV82jcUTAe8= anton@portatil-antonio\n",
            "startup": null,
            "storage": null,
            "storage_type": null,
            "tablet": true,
            "tags": null,
            "target_node": "torre-linux",
            "timeouts": null,
            "unused_disk": null,
            "usb": [],
            "vcpus": 0,
            "vga": [],
            "vlan": -1,
            "vmid": 200
          },
          "sensitive_attributes": [],
          "private": "eyJlMmJmYjczMC1lY2FhLTExZTYtOGY4OC0zNDM2M2JjN2M0YzAiOnsiY3JlYXRlIjoxMjAwMDAwMDAwMDAwLCJkZWZhdWx0IjoxMjAwMDAwMDAwMDAwLCJkZWxldGUiOjEyMDAwMDAwMDAwMDAsInJlYWQiOjEyMDAwMDAwMDAwMDAsInVwZGF0ZSI6MTIwMDAwMDAwMDAwMH19"
        }
      ]
    },
    {
      "module": "module.k8s-master",
      "mode": "managed",
      "type": "proxmox_vm_qemu",
      "name": "server",
      "provider": "provider[\"registry.terraform.io/telmate/proxmox\"]",
      "instances": [
        {
          "index_key": 0,
          "schema_version": 0,
          "attributes": {
            "additional_wait": 5,
            "agent": 1,
            "args": "",
            "automatic_reboot": true,
            "balloon": 0,
            "bios": "seabios",
            "boot": "c",
            "bootdisk": "",
            "bridge": null,
            "ci_wait": null,
            "cicustom": "",
            "cipassword": "",
            "ciuser": "anton",
            "clone": "ubuntu-server-focal-test-1",
            "clone_wait": 10,
            "cloudinit_cdrom_storage": null,
            "cores": 2,
            "cpu": "host",
            "default_ipv4_address": "192.168.18.45",
            "define_connection_info": true,
            "desc": "Ubuntu Server Focal Image",
            "disk": [
              {
                "aio": "",
                "backup": true,
                "cache": "none",
                "discard": "",
                "file": "106/vm-106-disk-0.qcow2",
                "format": "qcow2",
                "iops": 0,
                "iops_max": 0,
                "iops_max_length": 0,
                "iops_rd": 0,
                "iops_rd_max": 0,
                "iops_rd_max_length": 0,
                "iops_wr": 0,
                "iops_wr_max": 0,
                "iops_wr_max_length": 0,
                "iothread": 0,
                "mbps": 0,
                "mbps_rd": 0,
                "mbps_rd_max": 0,
                "mbps_wr": 0,
                "mbps_wr_max": 0,
                "media": "",
                "replicate": 0,
                "size": "30G",
                "slot": 0,
                "ssd": 0,
                "storage": "local",
                "storage_type": "dir",
                "type": "virtio",
                "volume": "local:106/vm-106-disk-0.qcow2"
              }
            ],
            "disk_gb": null,
            "force_create": false,
            "force_recreate_on_change_of": null,
            "full_clone": true,
            "guest_agent_ready_timeout": 100,
            "hagroup": "",
            "hastate": "",
            "hostpci": [],
            "hotplug": "network,disk,usb",
            "id": "torre-linux/qemu/106",
            "ipconfig0": "ip=192.168.18.45/24,gw=192.168.18.1",
            "ipconfig1": "",
            "ipconfig10": "",
            "ipconfig11": "",
            "ipconfig12": "",
            "ipconfig13": "",
            "ipconfig14": "",
            "ipconfig15": "",
            "ipconfig2": "",
            "ipconfig3": "",
            "ipconfig4": "",
            "ipconfig5": "",
            "ipconfig6": "",
            "ipconfig7": "",
            "ipconfig8": "",
            "ipconfig9": "",
            "iso": null,
            "kvm": true,
            "mac": null,
            "machine": "",
            "memory": 2048,
            "name": "zabbix-server",
            "nameserver": "",
            "network": [
              {
                "bridge": "vmbr0",
                "firewall": false,
                "link_down": false,
                "macaddr": "FE:1C:0D:9D:26:70",
                "model": "virtio",
                "mtu": 0,
                "queues": 0,
                "rate": 0,
                "tag": -1
              }
            ],
            "nic": null,
            "numa": false,
            "onboot": true,
            "oncreate": true,
            "os_network_config": null,
            "os_type": "cloud-init",
            "pool": "",
            "preprovision": true,
            "pxe": null,
            "qemu_os": "other",
            "reboot_required": false,
            "scsihw": "virtio-scsi-pci",
            "searchdomain": "",
            "serial": [],
            "sockets": 1,
            "ssh_forward_ip": null,
            "ssh_host": "192.168.18.45",
            "ssh_port": "22",
            "ssh_private_key": null,
            "ssh_user": null,
            "sshkeys": "  ssh-rsa AAAAB3NzaC1yc2EAAAADAQABAAABgQDUROBj7W+Sr0PswetL6uPc6l/BVcJnprAktesDetJK16TxPp0jqoxKsKAJT+6jkcF5krcvB9xGkzsYpBEB0ZhBM2hrXfLHk8GPQwLX/5xMB7k77maaMr1eAQj+bxCkvFCxynx7PecAm0x0gt2mm0hoywpNLCXoSzaqc9SGR0WSdXOz/5QVZmWQhRBoENop+x9XSYzlV/BTlEwMbhxbNE7sLD0lUWKci8rkg6Nstr6q+pp0UXxjn0j2H+5o8EZPVb3KeyuAbQOAZ4YZhOcpdC7U+ysV6l/wCI9IwAHbKwRUt62h+AyzlLfH/phlzSw1wWxPRfTa6xP+NAYIyT1G7GBd9e5qblRDUHwJQAYV7Mr997Pm3+5f4+o2N5BwwGQGAE72rkTyn75ALgBit4L6UQlkD/tNxM4YDQQ4bJ8cEURdOLumyUXelDnisC4qmHMMzUEjqvwMbqTJ6616oY5O9oO/amwOYK08O5KlO/ovMQpG07jg0gJgv+u4gV82jcUTAe8= anton@portatil-antonio\n\n",
            "startup": "",
            "storage": null,
            "storage_type": null,
            "tablet": true,
            "tags": "",
            "target_node": "torre-linux",
            "timeouts": null,
            "unused_disk": [],
            "usb": [],
            "vcpus": 0,
            "vga": [],
            "vlan": -1,
            "vmid": 110
          },
          "sensitive_attributes": [],
          "private": "eyJlMmJmYjczMC1lY2FhLTExZTYtOGY4OC0zNDM2M2JjN2M0YzAiOnsiY3JlYXRlIjoxMjAwMDAwMDAwMDAwLCJkZWZhdWx0IjoxMjAwMDAwMDAwMDAwLCJkZWxldGUiOjEyMDAwMDAwMDAwMDAsInJlYWQiOjEyMDAwMDAwMDAwMDAsInVwZGF0ZSI6MTIwMDAwMDAwMDAwMH19"
        }
      ]
    },
    {
      "module": "module.k8s-n1",
      "mode": "managed",
      "type": "proxmox_vm_qemu",
      "name": "server",
      "provider": "provider[\"registry.terraform.io/telmate/proxmox\"]",
      "instances": [
        {
          "index_key": 0,
          "status": "tainted",
          "schema_version": 0,
          "attributes": {
            "additional_wait": 5,
            "agent": 1,
            "args": null,
            "automatic_reboot": true,
            "balloon": 0,
            "bios": "seabios",
            "boot": null,
            "bootdisk": null,
            "bridge": null,
            "ci_wait": null,
            "cicustom": null,
            "cipassword": null,
            "ciuser": "anton",
            "clone": "RHEL9.1",
            "clone_wait": 10,
            "cloudinit_cdrom_storage": null,
            "cores": 1,
            "cpu": "host",
            "default_ipv4_address": null,
            "define_connection_info": true,
            "desc": null,
            "disk": [],
            "disk_gb": null,
            "force_create": false,
            "force_recreate_on_change_of": null,
            "full_clone": true,
            "guest_agent_ready_timeout": 100,
            "hagroup": null,
            "hastate": null,
            "hostpci": [],
            "hotplug": "network,disk,usb",
            "id": "torre-linux/qemu/201",
            "ipconfig0": "ip=192.168.18.46/24,gw=192.168.18.1",
            "ipconfig1": null,
            "ipconfig10": null,
            "ipconfig11": null,
            "ipconfig12": null,
            "ipconfig13": null,
            "ipconfig14": null,
            "ipconfig15": null,
            "ipconfig2": null,
            "ipconfig3": null,
            "ipconfig4": null,
            "ipconfig5": null,
            "ipconfig6": null,
            "ipconfig7": null,
            "ipconfig8": null,
            "ipconfig9": null,
            "iso": null,
            "kvm": true,
            "mac": null,
            "machine": null,
            "memory": 2048,
            "name": "K8s-n1",
            "nameserver": null,
            "network": [
              {
                "bridge": "vmbr0",
                "firewall": false,
                "link_down": false,
                "macaddr": "FE:1C:0D:9D:26:71",
                "model": "virtio",
                "mtu": 0,
                "queues": 0,
                "rate": 0,
                "tag": -1
              }
            ],
            "nic": null,
            "numa": null,
            "onboot": true,
            "oncreate": true,
            "os_network_config": null,
            "os_type": "cloud-init",
            "pool": null,
            "preprovision": true,
            "pxe": null,
            "qemu_os": null,
            "reboot_required": null,
            "scsihw": "virtio-scsi-pci",
            "searchdomain": null,
            "serial": [],
            "sockets": 1,
            "ssh_forward_ip": null,
            "ssh_host": null,
            "ssh_port": null,
            "ssh_private_key": null,
            "ssh_user": null,
            "sshkeys": "  ssh-rsa AAAAB3NzaC1yc2EAAAADAQABAAABgQDUROBj7W+Sr0PswetL6uPc6l/BVcJnprAktesDetJK16TxPp0jqoxKsKAJT+6jkcF5krcvB9xGkzsYpBEB0ZhBM2hrXfLHk8GPQwLX/5xMB7k77maaMr1eAQj+bxCkvFCxynx7PecAm0x0gt2mm0hoywpNLCXoSzaqc9SGR0WSdXOz/5QVZmWQhRBoENop+x9XSYzlV/BTlEwMbhxbNE7sLD0lUWKci8rkg6Nstr6q+pp0UXxjn0j2H+5o8EZPVb3KeyuAbQOAZ4YZhOcpdC7U+ysV6l/wCI9IwAHbKwRUt62h+AyzlLfH/phlzSw1wWxPRfTa6xP+NAYIyT1G7GBd9e5qblRDUHwJQAYV7Mr997Pm3+5f4+o2N5BwwGQGAE72rkTyn75ALgBit4L6UQlkD/tNxM4YDQQ4bJ8cEURdOLumyUXelDnisC4qmHMMzUEjqvwMbqTJ6616oY5O9oO/amwOYK08O5KlO/ovMQpG07jg0gJgv+u4gV82jcUTAe8= anton@portatil-antonio\n",
            "startup": null,
            "storage": null,
            "storage_type": null,
            "tablet": true,
            "tags": null,
            "target_node": "torre-linux",
            "timeouts": null,
            "unused_disk": null,
            "usb": [],
            "vcpus": 0,
            "vga": [],
            "vlan": -1,
            "vmid": 201
          },
          "sensitive_attributes": [],
          "private": "eyJlMmJmYjczMC1lY2FhLTExZTYtOGY4OC0zNDM2M2JjN2M0YzAiOnsiY3JlYXRlIjoxMjAwMDAwMDAwMDAwLCJkZWZhdWx0IjoxMjAwMDAwMDAwMDAwLCJkZWxldGUiOjEyMDAwMDAwMDAwMDAsInJlYWQiOjEyMDAwMDAwMDAwMDAsInVwZGF0ZSI6MTIwMDAwMDAwMDAwMH19"
        }
      ]
    },
    {
      "module": "module.k8s-n2",
      "mode": "managed",
      "type": "proxmox_vm_qemu",
      "name": "server",
      "provider": "provider[\"registry.terraform.io/telmate/proxmox\"]",
      "instances": [
        {
          "index_key": 0,
          "status": "tainted",
          "schema_version": 0,
          "attributes": {
            "additional_wait": 5,
            "agent": 1,
            "args": null,
            "automatic_reboot": true,
            "balloon": 0,
            "bios": "seabios",
            "boot": null,
            "bootdisk": null,
            "bridge": null,
            "ci_wait": null,
            "cicustom": null,
            "cipassword": null,
            "ciuser": "anton",
            "clone": "RHEL9.1",
            "clone_wait": 10,
            "cloudinit_cdrom_storage": null,
            "cores": 1,
            "cpu": "host",
            "default_ipv4_address": null,
            "define_connection_info": true,
            "desc": null,
            "disk": [],
            "disk_gb": null,
            "force_create": false,
            "force_recreate_on_change_of": null,
            "full_clone": true,
            "guest_agent_ready_timeout": 100,
            "hagroup": null,
            "hastate": null,
            "hostpci": [],
            "hotplug": "network,disk,usb",
            "id": "torre-linux/qemu/202",
            "ipconfig0": "ip=192.168.18.47/24,gw=192.168.18.1",
            "ipconfig1": null,
            "ipconfig10": null,
            "ipconfig11": null,
            "ipconfig12": null,
            "ipconfig13": null,
            "ipconfig14": null,
            "ipconfig15": null,
            "ipconfig2": null,
            "ipconfig3": null,
            "ipconfig4": null,
            "ipconfig5": null,
            "ipconfig6": null,
            "ipconfig7": null,
            "ipconfig8": null,
            "ipconfig9": null,
            "iso": null,
            "kvm": true,
            "mac": null,
            "machine": null,
            "memory": 2048,
            "name": "K8s-n2",
            "nameserver": null,
            "network": [
              {
                "bridge": "vmbr0",
                "firewall": false,
                "link_down": false,
                "macaddr": "FE:1C:0D:9D:26:72",
                "model": "virtio",
                "mtu": 0,
                "queues": 0,
                "rate": 0,
                "tag": -1
              }
            ],
            "nic": null,
            "numa": null,
            "onboot": true,
            "oncreate": true,
            "os_network_config": null,
            "os_type": "cloud-init",
            "pool": null,
            "preprovision": true,
            "pxe": null,
            "qemu_os": null,
            "reboot_required": null,
            "scsihw": "virtio-scsi-pci",
            "searchdomain": null,
            "serial": [],
            "sockets": 1,
            "ssh_forward_ip": null,
            "ssh_host": null,
            "ssh_port": null,
            "ssh_private_key": null,
            "ssh_user": null,
            "sshkeys": "  ssh-rsa AAAAB3NzaC1yc2EAAAADAQABAAABgQDUROBj7W+Sr0PswetL6uPc6l/BVcJnprAktesDetJK16TxPp0jqoxKsKAJT+6jkcF5krcvB9xGkzsYpBEB0ZhBM2hrXfLHk8GPQwLX/5xMB7k77maaMr1eAQj+bxCkvFCxynx7PecAm0x0gt2mm0hoywpNLCXoSzaqc9SGR0WSdXOz/5QVZmWQhRBoENop+x9XSYzlV/BTlEwMbhxbNE7sLD0lUWKci8rkg6Nstr6q+pp0UXxjn0j2H+5o8EZPVb3KeyuAbQOAZ4YZhOcpdC7U+ysV6l/wCI9IwAHbKwRUt62h+AyzlLfH/phlzSw1wWxPRfTa6xP+NAYIyT1G7GBd9e5qblRDUHwJQAYV7Mr997Pm3+5f4+o2N5BwwGQGAE72rkTyn75ALgBit4L6UQlkD/tNxM4YDQQ4bJ8cEURdOLumyUXelDnisC4qmHMMzUEjqvwMbqTJ6616oY5O9oO/amwOYK08O5KlO/ovMQpG07jg0gJgv+u4gV82jcUTAe8= anton@portatil-antonio\n",
            "startup": null,
            "storage": null,
            "storage_type": null,
            "tablet": true,
            "tags": null,
            "target_node": "torre-linux",
            "timeouts": null,
            "unused_disk": null,
            "usb": [],
            "vcpus": 0,
            "vga": [],
            "vlan": -1,
            "vmid": 202
          },
          "sensitive_attributes": [],
          "private": "eyJlMmJmYjczMC1lY2FhLTExZTYtOGY4OC0zNDM2M2JjN2M0YzAiOnsiY3JlYXRlIjoxMjAwMDAwMDAwMDAwLCJkZWZhdWx0IjoxMjAwMDAwMDAwMDAwLCJkZWxldGUiOjEyMDAwMDAwMDAwMDAsInJlYWQiOjEyMDAwMDAwMDAwMDAsInVwZGF0ZSI6MTIwMDAwMDAwMDAwMH19"
        }
      ]
    }
  ]
}
